# @generated by Move, please check-in and do not edit manually.

[move]
version = 3
manifest_digest = "8A6B4006C2C27C06CA11EE57A7C35C99711915A086A255A3C44D362779806159"
deps_digest = "F8BBB0CCB2491CA29A3DF03D6F92277A4F3574266507ACD77214D37ECA3F3082"
dependencies = [
  { id = "One", name = "One" },
]

[[move.package]]
id = "MoveStdlib"
source = { git = "https://github.com/one-chain-labs/onechain.git", rev = "framework/testnet", subdir = "crates/sui-framework/packages/move-stdlib" }

[[move.package]]
id = "One"
source = { git = "https://github.com/one-chain-labs/onechain.git", rev = "framework/testnet", subdir = "crates/sui-framework/packages/one-framework" }

dependencies = [
  { id = "MoveStdlib", name = "MoveStdlib" },
]

[move.toolchain-version]
compiler-version = "1.0.1"
edition = "2024.beta"
flavor = "one"

[env]

[env.testnet]
chain-id = "1bd5c965"
original-published-id = "0x445e41a9e394d5e6a03104de03614888d6d7e21e51d237e617c5bdf8c7b06d4d"
latest-published-id = "0x445e41a9e394d5e6a03104de03614888d6d7e21e51d237e617c5bdf8c7b06d4d"
published-version = "1"
